
Microsoft Visual Studio Solution File, Format Version 12.00
# Visual Studio Version 16
VisualStudioVersion = 16.0.29519.87
MinimumVisualStudioVersion = 10.0.40219.1
Project("{FAE04EC0-301F-11D3-BF4B-00C04F79EFBC}") = "TinyTines", "TinyTines\TinyTines.csproj", "{46D1CE51-977C-4040-B9DD-6E9C9617CEA7}"
EndProject
Project("{FAE04EC0-301F-11D3-BF4B-00C04F79EFBC}") = "TinyTinesTests", "TinyTinesTests\TinyTinesTests.csproj", "{6BDF5428-6495-45BB-BE65-3FC459FF8003}"
EndProject
Global
	GlobalSection(SolutionConfigurationPlatforms) = preSolution
		Debug|Any CPU = Debug|Any CPU
		Release|Any CPU = Release|Any CPU
	EndGlobalSection
	GlobalSection(ProjectConfigurationPlatforms) = postSolution
		{46D1CE51-977C-4040-B9DD-6E9C9617CEA7}.Debug|Any CPU.ActiveCfg = Debug|Any CPU
		{46D1CE51-977C-4040-B9DD-6E9C9617CEA7}.Debug|Any CPU.Build.0 = Debug|Any CPU
		{46D1CE51-977C-4040-B9DD-6E9C9617CEA7}.Release|Any CPU.ActiveCfg = Release|Any CPU
		{46D1CE51-977C-4040-B9DD-6E9C9617CEA7}.Release|Any CPU.Build.0 = Release|Any CPU
		{6BDF5428-6495-45BB-BE65-3FC459FF8003}.Debug|Any CPU.ActiveCfg = Debug|Any CPU
		{6BDF5428-6495-45BB-BE65-3FC459FF8003}.Debug|Any CPU.Build.0 = Debug|Any CPU
		{6BDF5428-6495-45BB-BE65-3FC459FF8003}.Release|Any CPU.ActiveCfg = Release|Any CPU
		{6BDF5428-6495-45BB-BE65-3FC459FF8003}.Release|Any CPU.Build.0 = Release|Any CPU
	EndGlobalSection
	GlobalSection(SolutionProperties) = preSolution
		HideSolutionNode = FALSE
	EndGlobalSection
	GlobalSection(ExtensibilityGlobals) = postSolution
		SolutionGuid = {8C0B31ED-9E80-4E79-8A2A-9CE1A98D0C83}
	EndGlobalSection
EndGlobal
